// !$*UTF8*$!
{
	archiveVersion = 1;
	classes = {
	};
	objectVersion = 46;
	objects = {

/* Begin PBXBuildFile section */
		C90FA1B71C41E48100996A1F /* CwlCatchException.framework in Frameworks */ = {isa = PBXBuildFile; fileRef = C90FA1AC1C41E48100996A1F /* CwlCatchException.framework */; };
		C90FA2011C42071A00996A1F /* CwlCatchException.framework in Frameworks */ = {isa = PBXBuildFile; fileRef = C90FA1F71C42071A00996A1F /* CwlCatchException.framework */; };
		C9F3E85F1E3D9DAD00984605 /* CwlCatchException.swift in Sources */ = {isa = PBXBuildFile; fileRef = C9F3E85A1E3D9DAD00984605 /* CwlCatchException.swift */; };
		C9F3E8601E3D9DAD00984605 /* CwlCatchException.swift in Sources */ = {isa = PBXBuildFile; fileRef = C9F3E85A1E3D9DAD00984605 /* CwlCatchException.swift */; };
		C9F3E8611E3D9DAD00984605 /* CwlCatchException.m in Sources */ = {isa = PBXBuildFile; fileRef = C9F3E85C1E3D9DAD00984605 /* CwlCatchException.m */; };
		C9F3E8621E3D9DAD00984605 /* CwlCatchException.m in Sources */ = {isa = PBXBuildFile; fileRef = C9F3E85C1E3D9DAD00984605 /* CwlCatchException.m */; };
		C9F3E8631E3D9DAD00984605 /* CwlCatchException.h in Headers */ = {isa = PBXBuildFile; fileRef = C9F3E85E1E3D9DAD00984605 /* CwlCatchException.h */; settings = {ATTRIBUTES = (Public, ); }; };
		C9F3E8641E3D9DAD00984605 /* CwlCatchException.h in Headers */ = {isa = PBXBuildFile; fileRef = C9F3E85E1E3D9DAD00984605 /* CwlCatchException.h */; settings = {ATTRIBUTES = (Public, ); }; };
		C9F3E8661E3D9DBD00984605 /* CwlCatchExceptionTests.swift in Sources */ = {isa = PBXBuildFile; fileRef = C9F3E8651E3D9DBD00984605 /* CwlCatchExceptionTests.swift */; };
		C9F3E8671E3D9DBD00984605 /* CwlCatchExceptionTests.swift in Sources */ = {isa = PBXBuildFile; fileRef = C9F3E8651E3D9DBD00984605 /* CwlCatchExceptionTests.swift */; };
/* End PBXBuildFile section */

/* Begin PBXContainerItemProxy section */
		C90FA1B81C41E48100996A1F /* PBXContainerItemProxy */ = {
			isa = PBXContainerItemProxy;
			containerPortal = C90FA1A31C41E48100996A1F /* Project object */;
			proxyType = 1;
			remoteGlobalIDString = C90FA1AB1C41E48100996A1F;
			remoteInfo = CwlCatchException;
		};
		C90FA2021C42071A00996A1F /* PBXContainerItemProxy */ = {
			isa = PBXContainerItemProxy;
			containerPortal = C90FA1A31C41E48100996A1F /* Project object */;
			proxyType = 1;
			remoteGlobalIDString = C90FA1F61C42071A00996A1F;
			remoteInfo = CwlCatchException_iOS;
		};
/* End PBXContainerItemProxy section */

/* Begin PBXFileReference section */
		C90FA1AC1C41E48100996A1F /* CwlCatchException.framework */ = {isa = PBXFileReference; explicitFileType = wrapper.framework; includeInIndex = 0; path = CwlCatchException.framework; sourceTree = BUILT_PRODUCTS_DIR; };
		C90FA1B61C41E48100996A1F /* CwlCatchException_macOSTests.xctest */ = {isa = PBXFileReference; explicitFileType = wrapper.cfbundle; includeInIndex = 0; path = CwlCatchException_macOSTests.xctest; sourceTree = BUILT_PRODUCTS_DIR; };
		C90FA1F71C42071A00996A1F /* CwlCatchException.framework */ = {isa = PBXFileReference; explicitFileType = wrapper.framework; includeInIndex = 0; path = CwlCatchException.framework; sourceTree = BUILT_PRODUCTS_DIR; };
		C90FA2001C42071A00996A1F /* CwlCatchException_iOSTests.xctest */ = {isa = PBXFileReference; explicitFileType = wrapper.cfbundle; includeInIndex = 0; path = CwlCatchException_iOSTests.xctest; sourceTree = BUILT_PRODUCTS_DIR; };
		C9F3E8581E3D9D8B00984605 /* Package.swift */ = {isa = PBXFileReference; lastKnownFileType = sourcecode.swift; path = Package.swift; sourceTree = "<group>"; };
		C9F3E85A1E3D9DAD00984605 /* CwlCatchException.swift */ = {isa = PBXFileReference; fileEncoding = 4; lastKnownFileType = sourcecode.swift; path = CwlCatchException.swift; sourceTree = "<group>"; };
		C9F3E85C1E3D9DAD00984605 /* CwlCatchException.m */ = {isa = PBXFileReference; fileEncoding = 4; lastKnownFileType = sourcecode.c.objc; path = CwlCatchException.m; sourceTree = "<group>"; };
		C9F3E85E1E3D9DAD00984605 /* CwlCatchException.h */ = {isa = PBXFileReference; fileEncoding = 4; lastKnownFileType = sourcecode.c.h; path = CwlCatchException.h; sourceTree = "<group>"; };
		C9F3E8651E3D9DBD00984605 /* CwlCatchExceptionTests.swift */ = {isa = PBXFileReference; fileEncoding = 4; lastKnownFileType = sourcecode.swift; path = CwlCatchExceptionTests.swift; sourceTree = "<group>"; };
/* End PBXFileReference section */

/* Begin PBXFrameworksBuildPhase section */
		C90FA1A81C41E48100996A1F /* Frameworks */ = {
			isa = PBXFrameworksBuildPhase;
			buildActionMask = 2147483647;
			files = (
			);
			runOnlyForDeploymentPostprocessing = 0;
		};
		C90FA1B31C41E48100996A1F /* Frameworks */ = {
			isa = PBXFrameworksBuildPhase;
			buildActionMask = 2147483647;
			files = (
				C90FA1B71C41E48100996A1F /* CwlCatchException.framework in Frameworks */,
			);
			runOnlyForDeploymentPostprocessing = 0;
		};
		C90FA1F31C42071A00996A1F /* Frameworks */ = {
			isa = PBXFrameworksBuildPhase;
			buildActionMask = 2147483647;
			files = (
			);
			runOnlyForDeploymentPostprocessing = 0;
		};
		C90FA1FD1C42071A00996A1F /* Frameworks */ = {
			isa = PBXFrameworksBuildPhase;
			buildActionMask = 2147483647;
			files = (
				C90FA2011C42071A00996A1F /* CwlCatchException.framework in Frameworks */,
			);
			runOnlyForDeploymentPostprocessing = 0;
		};
/* End PBXFrameworksBuildPhase section */

/* Begin PBXGroup section */
		C90FA1A21C41E48100996A1F = {
			isa = PBXGroup;
			children = (
				C9F3E8581E3D9D8B00984605 /* Package.swift */,
				C9F3E8591E3D9DAD00984605 /* CwlCatchException */,
				C9F3E85B1E3D9DAD00984605 /* CwlCatchExceptionSupport */,
				C90FA1BA1C41E48100996A1F /* CwlCatchExceptionTests */,
				C90FA1AD1C41E48100996A1F /* Products */,
			);
			sourceTree = "<group>";
		};
		C90FA1AD1C41E48100996A1F /* Products */ = {
			isa = PBXGroup;
			children = (
				C90FA1AC1C41E48100996A1F /* CwlCatchException.framework */,
				C90FA1B61C41E48100996A1F /* CwlCatchException_macOSTests.xctest */,
				C90FA1F71C42071A00996A1F /* CwlCatchException.framework */,
				C90FA2001C42071A00996A1F /* CwlCatchException_iOSTests.xctest */,
			);
			name = Products;
			sourceTree = "<group>";
		};
		C90FA1BA1C41E48100996A1F /* CwlCatchExceptionTests */ = {
			isa = PBXGroup;
			children = (
				C9F3E8651E3D9DBD00984605 /* CwlCatchExceptionTests.swift */,
			);
			name = CwlCatchExceptionTests;
			path = Tests/CwlCatchExceptionTests;
			sourceTree = "<group>";
		};
		C9F3E8591E3D9DAD00984605 /* CwlCatchException */ = {
			isa = PBXGroup;
			children = (
				C9F3E85A1E3D9DAD00984605 /* CwlCatchException.swift */,
			);
			name = CwlCatchException;
			path = Sources/CwlCatchException;
			sourceTree = "<group>";
		};
		C9F3E85B1E3D9DAD00984605 /* CwlCatchExceptionSupport */ = {
			isa = PBXGroup;
			children = (
				C9F3E85C1E3D9DAD00984605 /* CwlCatchException.m */,
				C9F3E85D1E3D9DAD00984605 /* include */,
			);
			name = CwlCatchExceptionSupport;
			path = Sources/CwlCatchExceptionSupport;
			sourceTree = "<group>";
		};
		C9F3E85D1E3D9DAD00984605 /* include */ = {
			isa = PBXGroup;
			children = (
				C9F3E85E1E3D9DAD00984605 /* CwlCatchException.h */,
			);
			path = include;
			sourceTree = "<group>";
		};
/* End PBXGroup section */

/* Begin PBXHeadersBuildPhase section */
		C90FA1A91C41E48100996A1F /* Headers */ = {
			isa = PBXHeadersBuildPhase;
			buildActionMask = 2147483647;
			files = (
				C9F3E8631E3D9DAD00984605 /* CwlCatchException.h in Headers */,
			);
			runOnlyForDeploymentPostprocessing = 0;
		};
		C90FA1F41C42071A00996A1F /* Headers */ = {
			isa = PBXHeadersBuildPhase;
			buildActionMask = 2147483647;
			files = (
				C9F3E8641E3D9DAD00984605 /* CwlCatchException.h in Headers */,
			);
			runOnlyForDeploymentPostprocessing = 0;
		};
/* End PBXHeadersBuildPhase section */

/* Begin PBXNativeTarget section */
		C90FA1AB1C41E48100996A1F /* CwlCatchException_macOS */ = {
			isa = PBXNativeTarget;
			buildConfigurationList = C90FA1C01C41E48100996A1F /* Build configuration list for PBXNativeTarget "CwlCatchException_macOS" */;
			buildPhases = (
				C90FA1A71C41E48100996A1F /* Sources */,
				C90FA1A81C41E48100996A1F /* Frameworks */,
				C90FA1A91C41E48100996A1F /* Headers */,
				C90FA1AA1C41E48100996A1F /* Resources */,
			);
			buildRules = (
			);
			dependencies = (
			);
			name = CwlCatchException_macOS;
			productName = CwlCatchException;
			productReference = C90FA1AC1C41E48100996A1F /* CwlCatchException.framework */;
			productType = "com.apple.product-type.framework";
		};
		C90FA1B51C41E48100996A1F /* CwlCatchException_macOSTests */ = {
			isa = PBXNativeTarget;
			buildConfigurationList = C90FA1C31C41E48100996A1F /* Build configuration list for PBXNativeTarget "CwlCatchException_macOSTests" */;
			buildPhases = (
				C90FA1B21C41E48100996A1F /* Sources */,
				C90FA1B31C41E48100996A1F /* Frameworks */,
				C90FA1B41C41E48100996A1F /* Resources */,
			);
			buildRules = (
			);
			dependencies = (
				C90FA1B91C41E48100996A1F /* PBXTargetDependency */,
			);
			name = CwlCatchException_macOSTests;
			productName = CwlCatchExceptionTests;
			productReference = C90FA1B61C41E48100996A1F /* CwlCatchException_macOSTests.xctest */;
			productType = "com.apple.product-type.bundle.unit-test";
		};
		C90FA1F61C42071A00996A1F /* CwlCatchException_iOS */ = {
			isa = PBXNativeTarget;
			buildConfigurationList = C90FA2081C42071A00996A1F /* Build configuration list for PBXNativeTarget "CwlCatchException_iOS" */;
			buildPhases = (
				C90FA1F21C42071A00996A1F /* Sources */,
				C90FA1F31C42071A00996A1F /* Frameworks */,
				C90FA1F41C42071A00996A1F /* Headers */,
				C90FA1F51C42071A00996A1F /* Resources */,
			);
			buildRules = (
			);
			dependencies = (
			);
			name = CwlCatchException_iOS;
			productName = CwlCatchException_iOS;
			productReference = C90FA1F71C42071A00996A1F /* CwlCatchException.framework */;
			productType = "com.apple.product-type.framework";
		};
		C90FA1FF1C42071A00996A1F /* CwlCatchException_iOSTests */ = {
			isa = PBXNativeTarget;
			buildConfigurationList = C90FA20B1C42071A00996A1F /* Build configuration list for PBXNativeTarget "CwlCatchException_iOSTests" */;
			buildPhases = (
				C90FA1FC1C42071A00996A1F /* Sources */,
				C90FA1FD1C42071A00996A1F /* Frameworks */,
				C90FA1FE1C42071A00996A1F /* Resources */,
			);
			buildRules = (
			);
			dependencies = (
				C90FA2031C42071A00996A1F /* PBXTargetDependency */,
			);
			name = CwlCatchException_iOSTests;
			productName = CwlCatchException_iOSTests;
			productReference = C90FA2001C42071A00996A1F /* CwlCatchException_iOSTests.xctest */;
			productType = "com.apple.product-type.bundle.unit-test";
		};
/* End PBXNativeTarget section */

/* Begin PBXProject section */
		C90FA1A31C41E48100996A1F /* Project object */ = {
			isa = PBXProject;
			attributes = {
				LastSwiftUpdateCheck = 0720;
				LastUpgradeCheck = 0900;
				ORGANIZATIONNAME = "Matt Gallagher ( http://cocoawithlove.com )";
				TargetAttributes = {
					C90FA1AB1C41E48100996A1F = {
						CreatedOnToolsVersion = 7.2;
						LastSwiftMigration = 0800;
					};
					C90FA1B51C41E48100996A1F = {
						CreatedOnToolsVersion = 7.2;
						LastSwiftMigration = 0800;
					};
					C90FA1F61C42071A00996A1F = {
						CreatedOnToolsVersion = 7.2;
						LastSwiftMigration = 0810;
					};
					C90FA1FF1C42071A00996A1F = {
						CreatedOnToolsVersion = 7.2;
						LastSwiftMigration = 0810;
					};
				};
			};
			buildConfigurationList = C90FA1A61C41E48100996A1F /* Build configuration list for PBXProject "CwlCatchException" */;
			compatibilityVersion = "Xcode 3.2";
			developmentRegion = English;
			hasScannedForEncodings = 0;
			knownRegions = (
				en,
			);
			mainGroup = C90FA1A21C41E48100996A1F;
			productRefGroup = C90FA1AD1C41E48100996A1F /* Products */;
			projectDirPath = "";
			projectRoot = "";
			targets = (
				C90FA1AB1C41E48100996A1F /* CwlCatchException_macOS */,
				C90FA1B51C41E48100996A1F /* CwlCatchException_macOSTests */,
				C90FA1F61C42071A00996A1F /* CwlCatchException_iOS */,
				C90FA1FF1C42071A00996A1F /* CwlCatchException_iOSTests */,
			);
		};
/* End PBXProject section */

/* Begin PBXResourcesBuildPhase section */
		C90FA1AA1C41E48100996A1F /* Resources */ = {
			isa = PBXResourcesBuildPhase;
			buildActionMask = 2147483647;
			files = (
			);
			runOnlyForDeploymentPostprocessing = 0;
		};
		C90FA1B41C41E48100996A1F /* Resources */ = {
			isa = PBXResourcesBuildPhase;
			buildActionMask = 2147483647;
			files = (
			);
			runOnlyForDeploymentPostprocessing = 0;
		};
		C90FA1F51C42071A00996A1F /* Resources */ = {
			isa = PBXResourcesBuildPhase;
			buildActionMask = 2147483647;
			files = (
			);
			runOnlyForDeploymentPostprocessing = 0;
		};
		C90FA1FE1C42071A00996A1F /* Resources */ = {
			isa = PBXResourcesBuildPhase;
			buildActionMask = 2147483647;
			files = (
			);
			runOnlyForDeploymentPostprocessing = 0;
		};
/* End PBXResourcesBuildPhase section */

/* Begin PBXSourcesBuildPhase section */
		C90FA1A71C41E48100996A1F /* Sources */ = {
			isa = PBXSourcesBuildPhase;
			buildActionMask = 2147483647;
			files = (
				C9F3E8611E3D9DAD00984605 /* CwlCatchException.m in Sources */,
				C9F3E85F1E3D9DAD00984605 /* CwlCatchException.swift in Sources */,
			);
			runOnlyForDeploymentPostprocessing = 0;
		};
		C90FA1B21C41E48100996A1F /* Sources */ = {
			isa = PBXSourcesBuildPhase;
			buildActionMask = 2147483647;
			files = (
				C9F3E8661E3D9DBD00984605 /* CwlCatchExceptionTests.swift in Sources */,
			);
			runOnlyForDeploymentPostprocessing = 0;
		};
		C90FA1F21C42071A00996A1F /* Sources */ = {
			isa = PBXSourcesBuildPhase;
			buildActionMask = 2147483647;
			files = (
				C9F3E8621E3D9DAD00984605 /* CwlCatchException.m in Sources */,
				C9F3E8601E3D9DAD00984605 /* CwlCatchException.swift in Sources */,
			);
			runOnlyForDeploymentPostprocessing = 0;
		};
		C90FA1FC1C42071A00996A1F /* Sources */ = {
			isa = PBXSourcesBuildPhase;
			buildActionMask = 2147483647;
			files = (
				C9F3E8671E3D9DBD00984605 /* CwlCatchExceptionTests.swift in Sources */,
			);
			runOnlyForDeploymentPostprocessing = 0;
		};
/* End PBXSourcesBuildPhase section */

/* Begin PBXTargetDependency section */
		C90FA1B91C41E48100996A1F /* PBXTargetDependency */ = {
			isa = PBXTargetDependency;
			target = C90FA1AB1C41E48100996A1F /* CwlCatchException_macOS */;
			targetProxy = C90FA1B81C41E48100996A1F /* PBXContainerItemProxy */;
		};
		C90FA2031C42071A00996A1F /* PBXTargetDependency */ = {
			isa = PBXTargetDependency;
			target = C90FA1F61C42071A00996A1F /* CwlCatchException_iOS */;
			targetProxy = C90FA2021C42071A00996A1F /* PBXContainerItemProxy */;
		};
/* End PBXTargetDependency section */

/* Begin XCBuildConfiguration section */
		C90FA1BE1C41E48100996A1F /* Debug */ = {
			isa = XCBuildConfiguration;
			buildSettings = {
				ALWAYS_SEARCH_USER_PATHS = NO;
				CLANG_CXX_LANGUAGE_STANDARD = "gnu++0x";
				CLANG_CXX_LIBRARY = "libc++";
				CLANG_ENABLE_MODULES = YES;
				CLANG_ENABLE_OBJC_ARC = YES;
				CLANG_WARN_BLOCK_CAPTURE_AUTORELEASING = YES;
				CLANG_WARN_BOOL_CONVERSION = YES;
				CLANG_WARN_COMMA = YES;
				CLANG_WARN_CONSTANT_CONVERSION = YES;
				CLANG_WARN_DIRECT_OBJC_ISA_USAGE = YES_ERROR;
				CLANG_WARN_EMPTY_BODY = YES;
				CLANG_WARN_ENUM_CONVERSION = YES;
				CLANG_WARN_INFINITE_RECURSION = YES;
				CLANG_WARN_INT_CONVERSION = YES;
				CLANG_WARN_NON_LITERAL_NULL_CONVERSION = YES;
				CLANG_WARN_OBJC_LITERAL_CONVERSION = YES;
				CLANG_WARN_OBJC_ROOT_CLASS = YES_ERROR;
				CLANG_WARN_RANGE_LOOP_ANALYSIS = YES;
				CLANG_WARN_STRICT_PROTOTYPES = YES;
				CLANG_WARN_SUSPICIOUS_MOVE = YES;
				CLANG_WARN_UNREACHABLE_CODE = YES;
				CLANG_WARN__DUPLICATE_METHOD_MATCH = YES;
				CODE_SIGN_IDENTITY = "";
				COPY_PHASE_STRIP = NO;
				CURRENT_PROJECT_VERSION = 1;
				DEBUG_INFORMATION_FORMAT = dwarf;
				ENABLE_STRICT_OBJC_MSGSEND = YES;
				ENABLE_TESTABILITY = YES;
				GCC_C_LANGUAGE_STANDARD = gnu99;
				GCC_DYNAMIC_NO_PIC = NO;
				GCC_NO_COMMON_BLOCKS = YES;
				GCC_OPTIMIZATION_LEVEL = 0;
				GCC_PREPROCESSOR_DEFINITIONS = (
					"DEBUG=1",
					"$(inherited)",
					"NON_SWIFT_PACKAGE=1",
				);
				GCC_WARN_64_TO_32_BIT_CONVERSION = YES;
				GCC_WARN_ABOUT_RETURN_TYPE = YES_ERROR;
				GCC_WARN_UNDECLARED_SELECTOR = YES;
				GCC_WARN_UNINITIALIZED_AUTOS = YES_AGGRESSIVE;
				GCC_WARN_UNUSED_FUNCTION = YES;
				GCC_WARN_UNUSED_VARIABLE = YES;
				MACOSX_DEPLOYMENT_TARGET = 10.9;
				MTL_ENABLE_DEBUG_INFO = YES;
				ONLY_ACTIVE_ARCH = YES;
				SDKROOT = macosx;
				SWIFT_OPTIMIZATION_LEVEL = "-Onone";
				SWIFT_VERSION = 3.0;
				VERSIONING_SYSTEM = "apple-generic";
				VERSION_INFO_PREFIX = "";
			};
			name = Debug;
		};
		C90FA1BF1C41E48100996A1F /* Release */ = {
			isa = XCBuildConfiguration;
			buildSettings = {
				ALWAYS_SEARCH_USER_PATHS = NO;
				CLANG_CXX_LANGUAGE_STANDARD = "gnu++0x";
				CLANG_CXX_LIBRARY = "libc++";
				CLANG_ENABLE_MODULES = YES;
				CLANG_ENABLE_OBJC_ARC = YES;
				CLANG_WARN_BLOCK_CAPTURE_AUTORELEASING = YES;
				CLANG_WARN_BOOL_CONVERSION = YES;
				CLANG_WARN_COMMA = YES;
				CLANG_WARN_CONSTANT_CONVERSION = YES;
				CLANG_WARN_DIRECT_OBJC_ISA_USAGE = YES_ERROR;
				CLANG_WARN_EMPTY_BODY = YES;
				CLANG_WARN_ENUM_CONVERSION = YES;
				CLANG_WARN_INFINITE_RECURSION = YES;
				CLANG_WARN_INT_CONVERSION = YES;
				CLANG_WARN_NON_LITERAL_NULL_CONVERSION = YES;
				CLANG_WARN_OBJC_LITERAL_CONVERSION = YES;
				CLANG_WARN_OBJC_ROOT_CLASS = YES_ERROR;
				CLANG_WARN_RANGE_LOOP_ANALYSIS = YES;
				CLANG_WARN_STRICT_PROTOTYPES = YES;
				CLANG_WARN_SUSPICIOUS_MOVE = YES;
				CLANG_WARN_UNREACHABLE_CODE = YES;
				CLANG_WARN__DUPLICATE_METHOD_MATCH = YES;
				CODE_SIGN_IDENTITY = "";
				COPY_PHASE_STRIP = NO;
				CURRENT_PROJECT_VERSION = 1;
				DEBUG_INFORMATION_FORMAT = "dwarf-with-dsym";
				ENABLE_NS_ASSERTIONS = NO;
				ENABLE_STRICT_OBJC_MSGSEND = YES;
				GCC_C_LANGUAGE_STANDARD = gnu99;
				GCC_NO_COMMON_BLOCKS = YES;
				GCC_PREPROCESSOR_DEFINITIONS = "NON_SWIFT_PACKAGE=1";
				GCC_WARN_64_TO_32_BIT_CONVERSION = YES;
				GCC_WARN_ABOUT_RETURN_TYPE = YES_ERROR;
				GCC_WARN_UNDECLARED_SELECTOR = YES;
				GCC_WARN_UNINITIALIZED_AUTOS = YES_AGGRESSIVE;
				GCC_WARN_UNUSED_FUNCTION = YES;
				GCC_WARN_UNUSED_VARIABLE = YES;
				MACOSX_DEPLOYMENT_TARGET = 10.9;
				MTL_ENABLE_DEBUG_INFO = NO;
				SDKROOT = macosx;
				SWIFT_OPTIMIZATION_LEVEL = "-Owholemodule";
				SWIFT_VERSION = 3.0;
				VERSIONING_SYSTEM = "apple-generic";
				VERSION_INFO_PREFIX = "";
			};
			name = Release;
		};
		C90FA1C11C41E48100996A1F /* Debug */ = {
			isa = XCBuildConfiguration;
			buildSettings = {
				CLANG_ENABLE_MODULES = YES;
				CODE_SIGN_IDENTITY = "";
				COMBINE_HIDPI_IMAGES = YES;
				DEFINES_MODULE = YES;
				DYLIB_COMPATIBILITY_VERSION = 1;
				DYLIB_CURRENT_VERSION = 1;
				DYLIB_INSTALL_NAME_BASE = "@rpath";
				FRAMEWORK_VERSION = A;
				INFOPLIST_FILE = CwlCatchException.xcodeproj/CwlCatchException_Info.plist;
				INSTALL_PATH = "$(LOCAL_LIBRARY_DIR)/Frameworks";
				LD_RUNPATH_SEARCH_PATHS = "$(inherited) @executable_path/../Frameworks @loader_path/Frameworks";
				MACOSX_DEPLOYMENT_TARGET = 10.9;
				PRODUCT_BUNDLE_IDENTIFIER = com.cocoawithlove.CwlCatchException;
				PRODUCT_NAME = CwlCatchException;
				SKIP_INSTALL = YES;
				SWIFT_OPTIMIZATION_LEVEL = "-Onone";
			};
			name = Debug;
		};
		C90FA1C21C41E48100996A1F /* Release */ = {
			isa = XCBuildConfiguration;
			buildSettings = {
				CLANG_ENABLE_MODULES = YES;
				CODE_SIGN_IDENTITY = "";
				COMBINE_HIDPI_IMAGES = YES;
				DEFINES_MODULE = YES;
				DYLIB_COMPATIBILITY_VERSION = 1;
				DYLIB_CURRENT_VERSION = 1;
				DYLIB_INSTALL_NAME_BASE = "@rpath";
				FRAMEWORK_VERSION = A;
				INFOPLIST_FILE = CwlCatchException.xcodeproj/CwlCatchException_Info.plist;
				INSTALL_PATH = "$(LOCAL_LIBRARY_DIR)/Frameworks";
				LD_RUNPATH_SEARCH_PATHS = "$(inherited) @executable_path/../Frameworks @loader_path/Frameworks";
				MACOSX_DEPLOYMENT_TARGET = 10.9;
				PRODUCT_BUNDLE_IDENTIFIER = com.cocoawithlove.CwlCatchException;
				PRODUCT_NAME = CwlCatchException;
				SKIP_INSTALL = YES;
			};
			name = Release;
		};
		C90FA1C41C41E48100996A1F /* Debug */ = {
			isa = XCBuildConfiguration;
			buildSettings = {
				COMBINE_HIDPI_IMAGES = YES;
				INFOPLIST_FILE = CwlCatchException.xcodeproj/CwlCatchExceptionTests_Info.plist;
				LD_RUNPATH_SEARCH_PATHS = "$(inherited) @executable_path/../Frameworks @loader_path/../Frameworks";
				PRODUCT_BUNDLE_IDENTIFIER = com.cocoawithlove.CwlCatchExceptionTests;
				PRODUCT_NAME = "$(TARGET_NAME)";
			};
			name = Debug;
		};
		C90FA1C51C41E48100996A1F /* Release */ = {
			isa = XCBuildConfiguration;
			buildSettings = {
				COMBINE_HIDPI_IMAGES = YES;
				INFOPLIST_FILE = CwlCatchException.xcodeproj/CwlCatchExceptionTests_Info.plist;
				LD_RUNPATH_SEARCH_PATHS = "$(inherited) @executable_path/../Frameworks @loader_path/../Frameworks";
				PRODUCT_BUNDLE_IDENTIFIER = com.cocoawithlove.CwlCatchExceptionTests;
				PRODUCT_NAME = "$(TARGET_NAME)";
			};
			name = Release;
		};
		C90FA2091C42071A00996A1F /* Debug */ = {
			isa = XCBuildConfiguration;
			buildSettings = {
				CLANG_ENABLE_MODULES = YES;
				CODE_SIGN_IDENTITY = "";
				DEFINES_MODULE = YES;
				DYLIB_COMPATIBILITY_VERSION = 1;
				DYLIB_CURRENT_VERSION = 1;
				DYLIB_INSTALL_NAME_BASE = "@rpath";
				INFOPLIST_FILE = CwlCatchException.xcodeproj/CwlCatchException_Info.plist;
				INSTALL_PATH = "$(LOCAL_LIBRARY_DIR)/Frameworks";
				IPHONEOS_DEPLOYMENT_TARGET = 8.0;
				LD_RUNPATH_SEARCH_PATHS = "$(inherited) @executable_path/Frameworks @loader_path/Frameworks";
				PRODUCT_BUNDLE_IDENTIFIER = "com.cocoawithlove.CwlCatchException-iOS";
				PRODUCT_NAME = CwlCatchException;
				SDKROOT = iphoneos;
				SKIP_INSTALL = YES;
				SWIFT_OPTIMIZATION_LEVEL = "-Onone";
				TARGETED_DEVICE_FAMILY = "1,2";
			};
			name = Debug;
		};
		C90FA20A1C42071A00996A1F /* Release */ = {
			isa = XCBuildConfiguration;
			buildSettings = {
				CLANG_ENABLE_MODULES = YES;
				CODE_SIGN_IDENTITY = "";
				DEFINES_MODULE = YES;
				DYLIB_COMPATIBILITY_VERSION = 1;
				DYLIB_CURRENT_VERSION = 1;
				DYLIB_INSTALL_NAME_BASE = "@rpath";
				INFOPLIST_FILE = CwlCatchException.xcodeproj/CwlCatchException_Info.plist;
				INSTALL_PATH = "$(LOCAL_LIBRARY_DIR)/Frameworks";
				IPHONEOS_DEPLOYMENT_TARGET = 8.0;
				LD_RUNPATH_SEARCH_PATHS = "$(inherited) @executable_path/Frameworks @loader_path/Frameworks";
				PRODUCT_BUNDLE_IDENTIFIER = "com.cocoawithlove.CwlCatchException-iOS";
				PRODUCT_NAME = CwlCatchException;
				SDKROOT = iphoneos;
				SKIP_INSTALL = YES;
				TARGETED_DEVICE_FAMILY = "1,2";
				VALIDATE_PRODUCT = YES;
			};
			name = Release;
		};
		C90FA20C1C42071A00996A1F /* Debug */ = {
			isa = XCBuildConfiguration;
			buildSettings = {
				CODE_SIGN_IDENTITY = "";
				INFOPLIST_FILE = CwlCatchException.xcodeproj/CwlCatchExceptionTests_Info.plist;
				IPHONEOS_DEPLOYMENT_TARGET = 9.2;
				LD_RUNPATH_SEARCH_PATHS = "$(inherited) @executable_path/Frameworks @loader_path/Frameworks";
				PRODUCT_BUNDLE_IDENTIFIER = "com.cocoawithlove.CwlCatchException-iOSTests";
				PRODUCT_NAME = "$(TARGET_NAME)";
				SDKROOT = iphoneos;
			};
			name = Debug;
		};
		C90FA20D1C42071A00996A1F /* Release */ = {
			isa = XCBuildConfiguration;
			buildSettings = {
				CODE_SIGN_IDENTITY = "";
				INFOPLIST_FILE = CwlCatchException.xcodeproj/CwlCatchExceptionTests_Info.plist;
				IPHONEOS_DEPLOYMENT_TARGET = 9.2;
				LD_RUNPATH_SEARCH_PATHS = "$(inherited) @executable_path/Frameworks @loader_path/Frameworks";
				PRODUCT_BUNDLE_IDENTIFIER = "com.cocoawithlove.CwlCatchException-iOSTests";
				PRODUCT_NAME = "$(TARGET_NAME)";
				SDKROOT = iphoneos;
				VALIDATE_PRODUCT = YES;
			};
			name = Release;
		};
/* End XCBuildConfiguration section */

/* Begin XCConfigurationList section */
		C90FA1A61C41E48100996A1F /* Build configuration list for PBXProject "CwlCatchException" */ = {
			isa = XCConfigurationList;
			buildConfigurations = (
				C90FA1BE1C41E48100996A1F /* Debug */,
				C90FA1BF1C41E48100996A1F /* Release */,
			);
			defaultConfigurationIsVisible = 0;
			defaultConfigurationName = Release;
		};
		C90FA1C01C41E48100996A1F /* Build configuration list for PBXNativeTarget "CwlCatchException_macOS" */ = {
			isa = XCConfigurationList;
			buildConfigurations = (
				C90FA1C11C41E48100996A1F /* Debug */,
				C90FA1C21C41E48100996A1F /* Release */,
			);
			defaultConfigurationIsVisible = 0;
			defaultConfigurationName = Release;
		};
		C90FA1C31C41E48100996A1F /* Build configuration list for PBXNativeTarget "CwlCatchException_macOSTests" */ = {
			isa = XCConfigurationList;
			buildConfigurations = (
				C90FA1C41C41E48100996A1F /* Debug */,
				C90FA1C51C41E48100996A1F /* Release */,
			);
			defaultConfigurationIsVisible = 0;
			defaultConfigurationName = Release;
		};
		C90FA2081C42071A00996A1F /* Build configuration list for PBXNativeTarget "CwlCatchException_iOS" */ = {
			isa = XCConfigurationList;
			buildConfigurations = (
				C90FA2091C42071A00996A1F /* Debug */,
				C90FA20A1C42071A00996A1F /* Release */,
			);
			defaultConfigurationIsVisible = 0;
			defaultConfigurationName = Release;
		};
		C90FA20B1C42071A00996A1F /* Build configuration list for PBXNativeTarget "CwlCatchException_iOSTests" */ = {
			isa = XCConfigurationList;
			buildConfigurations = (
				C90FA20C1C42071A00996A1F /* Debug */,
				C90FA20D1C42071A00996A1F /* Release */,
			);
			defaultConfigurationIsVisible = 0;
			defaultConfigurationName = Release;
		};
/* End XCConfigurationList section */
	};
	rootObject = C90FA1A31C41E48100996A1F /* Project object */;
}
